
Microsoft Visual Studio Solution File, Format Version 12.00
# Visual Studio Version 17
VisualStudioVersion = 17.4.33213.308
MinimumVisualStudioVersion = 10.0.40219.1
Project("{FAE04EC0-301F-11D3-BF4B-00C04F79EFBC}") = "SextoProjeto", "SextoProjeto\SextoProjeto.csproj", "{5AE8B164-1160-4A56-AC39-93A16F892FAC}"
EndProject
Global
	GlobalSection(SolutionConfigurationPlatforms) = preSolution
		Debug|Any CPU = Debug|Any CPU
		Release|Any CPU = Release|Any CPU
	EndGlobalSection
	GlobalSection(ProjectConfigurationPlatforms) = postSolution
		{5AE8B164-1160-4A56-AC39-93A16F892FAC}.Debug|Any CPU.ActiveCfg = Debug|Any CPU
		{5AE8B164-1160-4A56-AC39-93A16F892FAC}.Debug|Any CPU.Build.0 = Debug|Any CPU
		{5AE8B164-1160-4A56-AC39-93A16F892FAC}.Release|Any CPU.ActiveCfg = Release|Any CPU
		{5AE8B164-1160-4A56-AC39-93A16F892FAC}.Release|Any CPU.Build.0 = Release|Any CPU
	EndGlobalSection
	GlobalSection(SolutionProperties) = preSolution
		HideSolutionNode = FALSE
	EndGlobalSection
	GlobalSection(ExtensibilityGlobals) = postSolution
		SolutionGuid = {507FF085-0376-4326-86AD-701D0A16ED8A}
	EndGlobalSection
EndGlobal
